// !$*UTF8*$!
{
	archiveVersion = 1;
	classes = {
	};
	objectVersion = 56;
	objects = {

/* Begin PBXBuildFile section */
		265351CF2AF1B5470038A0A6 /* AISTS_FinalApp.swift in Sources */ = {isa = PBXBuildFile; fileRef = 265351CE2AF1B5470038A0A6 /* AISTS_FinalApp.swift */; };
		265351D12AF1B5470038A0A6 /* ContentView.swift in Sources */ = {isa = PBXBuildFile; fileRef = 265351D02AF1B5470038A0A6 /* ContentView.swift */; };
		265351D32AF1B5520038A0A6 /* Assets.xcassets in Resources */ = {isa = PBXBuildFile; fileRef = 265351D22AF1B5520038A0A6 /* Assets.xcassets */; };
		265351D72AF1B5520038A0A6 /* Preview Assets.xcassets in Resources */ = {isa = PBXBuildFile; fileRef = 265351D62AF1B5520038A0A6 /* Preview Assets.xcassets */; };
		265351E12AF1B5530038A0A6 /* AISTS_FinalTests.swift in Sources */ = {isa = PBXBuildFile; fileRef = 265351E02AF1B5530038A0A6 /* AISTS_FinalTests.swift */; };
		265351EB2AF1B5530038A0A6 /* AISTS_FinalUITests.swift in Sources */ = {isa = PBXBuildFile; fileRef = 265351EA2AF1B5530038A0A6 /* AISTS_FinalUITests.swift */; };
		265351ED2AF1B5530038A0A6 /* AISTS_FinalUITestsLaunchTests.swift in Sources */ = {isa = PBXBuildFile; fileRef = 265351EC2AF1B5530038A0A6 /* AISTS_FinalUITestsLaunchTests.swift */; };
		26F041022AF34EA1001E3CB7 /* MobileVLCKitStreaming.swift in Sources */ = {isa = PBXBuildFile; fileRef = 26F041012AF34EA1001E3CB7 /* MobileVLCKitStreaming.swift */; };
		4EA6CECDA8A35C198115185F /* Pods_AISTS_FinalTests.framework in Frameworks */ = {isa = PBXBuildFile; fileRef = 7F6CA25417786EFA6C481E2D /* Pods_AISTS_FinalTests.framework */; };
		86AB5A82BB6F13022184FFC0 /* Pods_AISTS_Final_AISTS_FinalUITests.framework in Frameworks */ = {isa = PBXBuildFile; fileRef = D70925AE677C7C08F1C41410 /* Pods_AISTS_Final_AISTS_FinalUITests.framework */; };
		F263DAF37FED3655402E4CCE /* Pods_AISTS_Final.framework in Frameworks */ = {isa = PBXBuildFile; fileRef = 0C194736C09952F2B9D629A1 /* Pods_AISTS_Final.framework */; };
/* End PBXBuildFile section */

/* Begin PBXContainerItemProxy section */
		265351DD2AF1B5530038A0A6 /* PBXContainerItemProxy */ = {
			isa = PBXContainerItemProxy;
			containerPortal = 265351C32AF1B5470038A0A6 /* Project object */;
			proxyType = 1;
			remoteGlobalIDString = 265351CA2AF1B5470038A0A6;
			remoteInfo = AISTS_Final;
		};
		265351E72AF1B5530038A0A6 /* PBXContainerItemProxy */ = {
			isa = PBXContainerItemProxy;
			containerPortal = 265351C32AF1B5470038A0A6 /* Project object */;
			proxyType = 1;
			remoteGlobalIDString = 265351CA2AF1B5470038A0A6;
			remoteInfo = AISTS_Final;
		};
/* End PBXContainerItemProxy section */

/* Begin PBXFileReference section */
		0C194736C09952F2B9D629A1 /* Pods_AISTS_Final.framework */ = {isa = PBXFileReference; explicitFileType = wrapper.framework; includeInIndex = 0; path = Pods_AISTS_Final.framework; sourceTree = BUILT_PRODUCTS_DIR; };
		265351CB2AF1B5470038A0A6 /* AISTS_Final.app */ = {isa = PBXFileReference; explicitFileType = wrapper.application; includeInIndex = 0; path = AISTS_Final.app; sourceTree = BUILT_PRODUCTS_DIR; };
		265351CE2AF1B5470038A0A6 /* AISTS_FinalApp.swift */ = {isa = PBXFileReference; lastKnownFileType = sourcecode.swift; path = AISTS_FinalApp.swift; sourceTree = "<group>"; };
		265351D02AF1B5470038A0A6 /* ContentView.swift */ = {isa = PBXFileReference; lastKnownFileType = sourcecode.swift; path = ContentView.swift; sourceTree = "<group>"; };
		265351D22AF1B5520038A0A6 /* Assets.xcassets */ = {isa = PBXFileReference; lastKnownFileType = folder.assetcatalog; path = Assets.xcassets; sourceTree = "<group>"; };
		265351D42AF1B5520038A0A6 /* AISTS_Final.entitlements */ = {isa = PBXFileReference; lastKnownFileType = text.plist.entitlements; path = AISTS_Final.entitlements; sourceTree = "<group>"; };
		265351D62AF1B5520038A0A6 /* Preview Assets.xcassets */ = {isa = PBXFileReference; lastKnownFileType = folder.assetcatalog; path = "Preview Assets.xcassets"; sourceTree = "<group>"; };
		265351DC2AF1B5530038A0A6 /* AISTS_FinalTests.xctest */ = {isa = PBXFileReference; explicitFileType = wrapper.cfbundle; includeInIndex = 0; path = AISTS_FinalTests.xctest; sourceTree = BUILT_PRODUCTS_DIR; };
		265351E02AF1B5530038A0A6 /* AISTS_FinalTests.swift */ = {isa = PBXFileReference; lastKnownFileType = sourcecode.swift; path = AISTS_FinalTests.swift; sourceTree = "<group>"; };
		265351E62AF1B5530038A0A6 /* AISTS_FinalUITests.xctest */ = {isa = PBXFileReference; explicitFileType = wrapper.cfbundle; includeInIndex = 0; path = AISTS_FinalUITests.xctest; sourceTree = BUILT_PRODUCTS_DIR; };
		265351EA2AF1B5530038A0A6 /* AISTS_FinalUITests.swift */ = {isa = PBXFileReference; lastKnownFileType = sourcecode.swift; path = AISTS_FinalUITests.swift; sourceTree = "<group>"; };
		265351EC2AF1B5530038A0A6 /* AISTS_FinalUITestsLaunchTests.swift */ = {isa = PBXFileReference; lastKnownFileType = sourcecode.swift; path = AISTS_FinalUITestsLaunchTests.swift; sourceTree = "<group>"; };
		26F041012AF34EA1001E3CB7 /* MobileVLCKitStreaming.swift */ = {isa = PBXFileReference; lastKnownFileType = sourcecode.swift; path = MobileVLCKitStreaming.swift; sourceTree = "<group>"; };
		27EAF1CE0F7EA6B6EC560F69 /* Pods-AISTS_Final-AISTS_FinalUITests.release.xcconfig */ = {isa = PBXFileReference; includeInIndex = 1; lastKnownFileType = text.xcconfig; name = "Pods-AISTS_Final-AISTS_FinalUITests.release.xcconfig"; path = "Target Support Files/Pods-AISTS_Final-AISTS_FinalUITests/Pods-AISTS_Final-AISTS_FinalUITests.release.xcconfig"; sourceTree = "<group>"; };
		4EB15DED49C58EBF5B05DCA1 /* Pods-AISTS_FinalTests.debug.xcconfig */ = {isa = PBXFileReference; includeInIndex = 1; lastKnownFileType = text.xcconfig; name = "Pods-AISTS_FinalTests.debug.xcconfig"; path = "Target Support Files/Pods-AISTS_FinalTests/Pods-AISTS_FinalTests.debug.xcconfig"; sourceTree = "<group>"; };
		6E487B5D800730288EBE427A /* Pods-AISTS_Final.debug.xcconfig */ = {isa = PBXFileReference; includeInIndex = 1; lastKnownFileType = text.xcconfig; name = "Pods-AISTS_Final.debug.xcconfig"; path = "Target Support Files/Pods-AISTS_Final/Pods-AISTS_Final.debug.xcconfig"; sourceTree = "<group>"; };
		7BE64D85B1BD7022016DAE42 /* Pods-AISTS_Final.release.xcconfig */ = {isa = PBXFileReference; includeInIndex = 1; lastKnownFileType = text.xcconfig; name = "Pods-AISTS_Final.release.xcconfig"; path = "Target Support Files/Pods-AISTS_Final/Pods-AISTS_Final.release.xcconfig"; sourceTree = "<group>"; };
		7F6CA25417786EFA6C481E2D /* Pods_AISTS_FinalTests.framework */ = {isa = PBXFileReference; explicitFileType = wrapper.framework; includeInIndex = 0; path = Pods_AISTS_FinalTests.framework; sourceTree = BUILT_PRODUCTS_DIR; };
		A7D0628C9D80BFB30C0540E7 /* Pods-AISTS_FinalTests.release.xcconfig */ = {isa = PBXFileReference; includeInIndex = 1; lastKnownFileType = text.xcconfig; name = "Pods-AISTS_FinalTests.release.xcconfig"; path = "Target Support Files/Pods-AISTS_FinalTests/Pods-AISTS_FinalTests.release.xcconfig"; sourceTree = "<group>"; };
		C465DA0DA78A2C7BE5F81132 /* Pods-AISTS_Final-AISTS_FinalUITests.debug.xcconfig */ = {isa = PBXFileReference; includeInIndex = 1; lastKnownFileType = text.xcconfig; name = "Pods-AISTS_Final-AISTS_FinalUITests.debug.xcconfig"; path = "Target Support Files/Pods-AISTS_Final-AISTS_FinalUITests/Pods-AISTS_Final-AISTS_FinalUITests.debug.xcconfig"; sourceTree = "<group>"; };
		D70925AE677C7C08F1C41410 /* Pods_AISTS_Final_AISTS_FinalUITests.framework */ = {isa = PBXFileReference; explicitFileType = wrapper.framework; includeInIndex = 0; path = Pods_AISTS_Final_AISTS_FinalUITests.framework; sourceTree = BUILT_PRODUCTS_DIR; };
/* End PBXFileReference section */

/* Begin PBXFrameworksBuildPhase section */
		265351C82AF1B5470038A0A6 /* Frameworks */ = {
			isa = PBXFrameworksBuildPhase;
			buildActionMask = 2147483647;
			files = (
				F263DAF37FED3655402E4CCE /* Pods_AISTS_Final.framework in Frameworks */,
			);
			runOnlyForDeploymentPostprocessing = 0;
		};
		265351D92AF1B5530038A0A6 /* Frameworks */ = {
			isa = PBXFrameworksBuildPhase;
			buildActionMask = 2147483647;
			files = (
				4EA6CECDA8A35C198115185F /* Pods_AISTS_FinalTests.framework in Frameworks */,
			);
			runOnlyForDeploymentPostprocessing = 0;
		};
		265351E32AF1B5530038A0A6 /* Frameworks */ = {
			isa = PBXFrameworksBuildPhase;
			buildActionMask = 2147483647;
			files = (
				86AB5A82BB6F13022184FFC0 /* Pods_AISTS_Final_AISTS_FinalUITests.framework in Frameworks */,
			);
			runOnlyForDeploymentPostprocessing = 0;
		};
/* End PBXFrameworksBuildPhase section */

/* Begin PBXGroup section */
		265351C22AF1B5470038A0A6 = {
			isa = PBXGroup;
			children = (
				265351CD2AF1B5470038A0A6 /* AISTS_Final */,
				265351DF2AF1B5530038A0A6 /* AISTS_FinalTests */,
				265351E92AF1B5530038A0A6 /* AISTS_FinalUITests */,
				265351CC2AF1B5470038A0A6 /* Products */,
				F8C304404A8491B4594E1766 /* Pods */,
				F2AF5A1474F4AFE36364F633 /* Frameworks */,
			);
			sourceTree = "<group>";
		};
		265351CC2AF1B5470038A0A6 /* Products */ = {
			isa = PBXGroup;
			children = (
				265351CB2AF1B5470038A0A6 /* AISTS_Final.app */,
				265351DC2AF1B5530038A0A6 /* AISTS_FinalTests.xctest */,
				265351E62AF1B5530038A0A6 /* AISTS_FinalUITests.xctest */,
			);
			name = Products;
			sourceTree = "<group>";
		};
		265351CD2AF1B5470038A0A6 /* AISTS_Final */ = {
			isa = PBXGroup;
			children = (
				265351CE2AF1B5470038A0A6 /* AISTS_FinalApp.swift */,
				265351D02AF1B5470038A0A6 /* ContentView.swift */,
				26F041012AF34EA1001E3CB7 /* MobileVLCKitStreaming.swift */,
				265351D22AF1B5520038A0A6 /* Assets.xcassets */,
				265351D42AF1B5520038A0A6 /* AISTS_Final.entitlements */,
				265351D52AF1B5520038A0A6 /* Preview Content */,
			);
			path = AISTS_Final;
			sourceTree = "<group>";
		};
		265351D52AF1B5520038A0A6 /* Preview Content */ = {
			isa = PBXGroup;
			children = (
				265351D62AF1B5520038A0A6 /* Preview Assets.xcassets */,
			);
			path = "Preview Content";
			sourceTree = "<group>";
		};
		265351DF2AF1B5530038A0A6 /* AISTS_FinalTests */ = {
			isa = PBXGroup;
			children = (
				265351E02AF1B5530038A0A6 /* AISTS_FinalTests.swift */,
			);
			path = AISTS_FinalTests;
			sourceTree = "<group>";
		};
		265351E92AF1B5530038A0A6 /* AISTS_FinalUITests */ = {
			isa = PBXGroup;
			children = (
				265351EA2AF1B5530038A0A6 /* AISTS_FinalUITests.swift */,
				265351EC2AF1B5530038A0A6 /* AISTS_FinalUITestsLaunchTests.swift */,
			);
			path = AISTS_FinalUITests;
			sourceTree = "<group>";
		};
		F2AF5A1474F4AFE36364F633 /* Frameworks */ = {
			isa = PBXGroup;
			children = (
				0C194736C09952F2B9D629A1 /* Pods_AISTS_Final.framework */,
				D70925AE677C7C08F1C41410 /* Pods_AISTS_Final_AISTS_FinalUITests.framework */,
				7F6CA25417786EFA6C481E2D /* Pods_AISTS_FinalTests.framework */,
			);
			name = Frameworks;
			sourceTree = "<group>";
		};
		F8C304404A8491B4594E1766 /* Pods */ = {
			isa = PBXGroup;
			children = (
				6E487B5D800730288EBE427A /* Pods-AISTS_Final.debug.xcconfig */,
				7BE64D85B1BD7022016DAE42 /* Pods-AISTS_Final.release.xcconfig */,
				C465DA0DA78A2C7BE5F81132 /* Pods-AISTS_Final-AISTS_FinalUITests.debug.xcconfig */,
				27EAF1CE0F7EA6B6EC560F69 /* Pods-AISTS_Final-AISTS_FinalUITests.release.xcconfig */,
				4EB15DED49C58EBF5B05DCA1 /* Pods-AISTS_FinalTests.debug.xcconfig */,
				A7D0628C9D80BFB30C0540E7 /* Pods-AISTS_FinalTests.release.xcconfig */,
			);
			path = Pods;
			sourceTree = "<group>";
		};
/* End PBXGroup section */

/* Begin PBXNativeTarget section */
		265351CA2AF1B5470038A0A6 /* AISTS_Final */ = {
			isa = PBXNativeTarget;
			buildConfigurationList = 265351F02AF1B5530038A0A6 /* Build configuration list for PBXNativeTarget "AISTS_Final" */;
			buildPhases = (
				B74EE8E1D4254BD87E44E28B /* [CP] Check Pods Manifest.lock */,
				265351C72AF1B5470038A0A6 /* Sources */,
				265351C82AF1B5470038A0A6 /* Frameworks */,
				265351C92AF1B5470038A0A6 /* Resources */,
				8B647ABDCADA41960F5BBDF6 /* [CP] Embed Pods Frameworks */,
			);
			buildRules = (
			);
			dependencies = (
			);
			name = AISTS_Final;
			productName = AISTS_Final;
			productReference = 265351CB2AF1B5470038A0A6 /* AISTS_Final.app */;
			productType = "com.apple.product-type.application";
		};
		265351DB2AF1B5530038A0A6 /* AISTS_FinalTests */ = {
			isa = PBXNativeTarget;
			buildConfigurationList = 265351F32AF1B5530038A0A6 /* Build configuration list for PBXNativeTarget "AISTS_FinalTests" */;
			buildPhases = (
				1F2C309D78AC55178101AEC2 /* [CP] Check Pods Manifest.lock */,
				265351D82AF1B5530038A0A6 /* Sources */,
				265351D92AF1B5530038A0A6 /* Frameworks */,
				265351DA2AF1B5530038A0A6 /* Resources */,
			);
			buildRules = (
			);
			dependencies = (
				265351DE2AF1B5530038A0A6 /* PBXTargetDependency */,
			);
			name = AISTS_FinalTests;
			productName = AISTS_FinalTests;
			productReference = 265351DC2AF1B5530038A0A6 /* AISTS_FinalTests.xctest */;
			productType = "com.apple.product-type.bundle.unit-test";
		};
		265351E52AF1B5530038A0A6 /* AISTS_FinalUITests */ = {
			isa = PBXNativeTarget;
			buildConfigurationList = 265351F62AF1B5530038A0A6 /* Build configuration list for PBXNativeTarget "AISTS_FinalUITests" */;
			buildPhases = (
				4C786E124DBF6F4D73011483 /* [CP] Check Pods Manifest.lock */,
				265351E22AF1B5530038A0A6 /* Sources */,
				265351E32AF1B5530038A0A6 /* Frameworks */,
				265351E42AF1B5530038A0A6 /* Resources */,
				4F82ED79D53B4DCE1DBEEF86 /* [CP] Embed Pods Frameworks */,
			);
			buildRules = (
			);
			dependencies = (
				265351E82AF1B5530038A0A6 /* PBXTargetDependency */,
			);
			name = AISTS_FinalUITests;
			productName = AISTS_FinalUITests;
			productReference = 265351E62AF1B5530038A0A6 /* AISTS_FinalUITests.xctest */;
			productType = "com.apple.product-type.bundle.ui-testing";
		};
/* End PBXNativeTarget section */

/* Begin PBXProject section */
		265351C32AF1B5470038A0A6 /* Project object */ = {
			isa = PBXProject;
			attributes = {
				BuildIndependentTargetsInParallel = 1;
				LastSwiftUpdateCheck = 1500;
				LastUpgradeCheck = 1500;
				TargetAttributes = {
					265351CA2AF1B5470038A0A6 = {
						CreatedOnToolsVersion = 15.0.1;
					};
					265351DB2AF1B5530038A0A6 = {
						CreatedOnToolsVersion = 15.0.1;
						TestTargetID = 265351CA2AF1B5470038A0A6;
					};
					265351E52AF1B5530038A0A6 = {
						CreatedOnToolsVersion = 15.0.1;
						TestTargetID = 265351CA2AF1B5470038A0A6;
					};
				};
			};
			buildConfigurationList = 265351C62AF1B5470038A0A6 /* Build configuration list for PBXProject "AISTS_Final" */;
			compatibilityVersion = "Xcode 14.0";
			developmentRegion = en;
			hasScannedForEncodings = 0;
			knownRegions = (
				en,
				Base,
			);
			mainGroup = 265351C22AF1B5470038A0A6;
			productRefGroup = 265351CC2AF1B5470038A0A6 /* Products */;
			projectDirPath = "";
			projectRoot = "";
			targets = (
				265351CA2AF1B5470038A0A6 /* AISTS_Final */,
				265351DB2AF1B5530038A0A6 /* AISTS_FinalTests */,
				265351E52AF1B5530038A0A6 /* AISTS_FinalUITests */,
			);
		};
/* End PBXProject section */

/* Begin PBXResourcesBuildPhase section */
		265351C92AF1B5470038A0A6 /* Resources */ = {
			isa = PBXResourcesBuildPhase;
			buildActionMask = 2147483647;
			files = (
				265351D72AF1B5520038A0A6 /* Preview Assets.xcassets in Resources */,
				265351D32AF1B5520038A0A6 /* Assets.xcassets in Resources */,
			);
			runOnlyForDeploymentPostprocessing = 0;
		};
		265351DA2AF1B5530038A0A6 /* Resources */ = {
			isa = PBXResourcesBuildPhase;
			buildActionMask = 2147483647;
			files = (
			);
			runOnlyForDeploymentPostprocessing = 0;
		};
		265351E42AF1B5530038A0A6 /* Resources */ = {
			isa = PBXResourcesBuildPhase;
			buildActionMask = 2147483647;
			files = (
			);
			runOnlyForDeploymentPostprocessing = 0;
		};
/* End PBXResourcesBuildPhase section */

/* Begin PBXShellScriptBuildPhase section */
		1F2C309D78AC55178101AEC2 /* [CP] Check Pods Manifest.lock */ = {
			isa = PBXShellScriptBuildPhase;
			buildActionMask = 2147483647;
			files = (
			);
			inputFileListPaths = (
			);
			inputPaths = (
				"${PODS_PODFILE_DIR_PATH}/Podfile.lock",
				"${PODS_ROOT}/Manifest.lock",
			);
			name = "[CP] Check Pods Manifest.lock";
			outputFileListPaths = (
			);
			outputPaths = (
				"$(DERIVED_FILE_DIR)/Pods-AISTS_FinalTests-checkManifestLockResult.txt",
			);
			runOnlyForDeploymentPostprocessing = 0;
			shellPath = /bin/sh;
			shellScript = "diff \"${PODS_PODFILE_DIR_PATH}/Podfile.lock\" \"${PODS_ROOT}/Manifest.lock\" > /dev/null\nif [ $? != 0 ] ; then\n    # print error to STDERR\n    echo \"error: The sandbox is not in sync with the Podfile.lock. Run 'pod install' or update your CocoaPods installation.\" >&2\n    exit 1\nfi\n# This output is used by Xcode 'outputs' to avoid re-running this script phase.\necho \"SUCCESS\" > \"${SCRIPT_OUTPUT_FILE_0}\"\n";
			showEnvVarsInLog = 0;
		};
		4C786E124DBF6F4D73011483 /* [CP] Check Pods Manifest.lock */ = {
			isa = PBXShellScriptBuildPhase;
			buildActionMask = 2147483647;
			files = (
			);
			inputFileListPaths = (
			);
			inputPaths = (
				"${PODS_PODFILE_DIR_PATH}/Podfile.lock",
				"${PODS_ROOT}/Manifest.lock",
			);
			name = "[CP] Check Pods Manifest.lock";
			outputFileListPaths = (
			);
			outputPaths = (
				"$(DERIVED_FILE_DIR)/Pods-AISTS_Final-AISTS_FinalUITests-checkManifestLockResult.txt",
			);
			runOnlyForDeploymentPostprocessing = 0;
			shellPath = /bin/sh;
			shellScript = "diff \"${PODS_PODFILE_DIR_PATH}/Podfile.lock\" \"${PODS_ROOT}/Manifest.lock\" > /dev/null\nif [ $? != 0 ] ; then\n    # print error to STDERR\n    echo \"error: The sandbox is not in sync with the Podfile.lock. Run 'pod install' or update your CocoaPods installation.\" >&2\n    exit 1\nfi\n# This output is used by Xcode 'outputs' to avoid re-running this script phase.\necho \"SUCCESS\" > \"${SCRIPT_OUTPUT_FILE_0}\"\n";
			showEnvVarsInLog = 0;
		};
		4F82ED79D53B4DCE1DBEEF86 /* [CP] Embed Pods Frameworks */ = {
			isa = PBXShellScriptBuildPhase;
			buildActionMask = 2147483647;
			files = (
			);
			inputFileListPaths = (
				"${PODS_ROOT}/Target Support Files/Pods-AISTS_Final-AISTS_FinalUITests/Pods-AISTS_Final-AISTS_FinalUITests-frameworks-${CONFIGURATION}-input-files.xcfilelist",
			);
			name = "[CP] Embed Pods Frameworks";
			outputFileListPaths = (
				"${PODS_ROOT}/Target Support Files/Pods-AISTS_Final-AISTS_FinalUITests/Pods-AISTS_Final-AISTS_FinalUITests-frameworks-${CONFIGURATION}-output-files.xcfilelist",
			);
			runOnlyForDeploymentPostprocessing = 0;
			shellPath = /bin/sh;
			shellScript = "\"${PODS_ROOT}/Target Support Files/Pods-AISTS_Final-AISTS_FinalUITests/Pods-AISTS_Final-AISTS_FinalUITests-frameworks.sh\"\n";
			showEnvVarsInLog = 0;
		};
		8B647ABDCADA41960F5BBDF6 /* [CP] Embed Pods Frameworks */ = {
			isa = PBXShellScriptBuildPhase;
			buildActionMask = 2147483647;
			files = (
			);
			inputFileListPaths = (
				"${PODS_ROOT}/Target Support Files/Pods-AISTS_Final/Pods-AISTS_Final-frameworks-${CONFIGURATION}-input-files.xcfilelist",
			);
			name = "[CP] Embed Pods Frameworks";
			outputFileListPaths = (
				"${PODS_ROOT}/Target Support Files/Pods-AISTS_Final/Pods-AISTS_Final-frameworks-${CONFIGURATION}-output-files.xcfilelist",
			);
			runOnlyForDeploymentPostprocessing = 0;
			shellPath = /bin/sh;
			shellScript = "\"${PODS_ROOT}/Target Support Files/Pods-AISTS_Final/Pods-AISTS_Final-frameworks.sh\"\n";
			showEnvVarsInLog = 0;
		};
		B74EE8E1D4254BD87E44E28B /* [CP] Check Pods Manifest.lock */ = {
			isa = PBXShellScriptBuildPhase;
			buildActionMask = 2147483647;
			files = (
			);
			inputFileListPaths = (
			);
			inputPaths = (
				"${PODS_PODFILE_DIR_PATH}/Podfile.lock",
				"${PODS_ROOT}/Manifest.lock",
			);
			name = "[CP] Check Pods Manifest.lock";
			outputFileListPaths = (
			);
			outputPaths = (
				"$(DERIVED_FILE_DIR)/Pods-AISTS_Final-checkManifestLockResult.txt",
			);
			runOnlyForDeploymentPostprocessing = 0;
			shellPath = /bin/sh;
			shellScript = "diff \"${PODS_PODFILE_DIR_PATH}/Podfile.lock\" \"${PODS_ROOT}/Manifest.lock\" > /dev/null\nif [ $? != 0 ] ; then\n    # print error to STDERR\n    echo \"error: The sandbox is not in sync with the Podfile.lock. Run 'pod install' or update your CocoaPods installation.\" >&2\n    exit 1\nfi\n# This output is used by Xcode 'outputs' to avoid re-running this script phase.\necho \"SUCCESS\" > \"${SCRIPT_OUTPUT_FILE_0}\"\n";
			showEnvVarsInLog = 0;
		};
/* End PBXShellScriptBuildPhase section */

/* Begin PBXSourcesBuildPhase section */
		265351C72AF1B5470038A0A6 /* Sources */ = {
			isa = PBXSourcesBuildPhase;
			buildActionMask = 2147483647;
			files = (
				26F041022AF34EA1001E3CB7 /* MobileVLCKitStreaming.swift in Sources */,
				265351D12AF1B5470038A0A6 /* ContentView.swift in Sources */,
				265351CF2AF1B5470038A0A6 /* AISTS_FinalApp.swift in Sources */,
			);
			runOnlyForDeploymentPostprocessing = 0;
		};
		265351D82AF1B5530038A0A6 /* Sources */ = {
			isa = PBXSourcesBuildPhase;
			buildActionMask = 2147483647;
			files = (
				265351E12AF1B5530038A0A6 /* AISTS_FinalTests.swift in Sources */,
			);
			runOnlyForDeploymentPostprocessing = 0;
		};
		265351E22AF1B5530038A0A6 /* Sources */ = {
			isa = PBXSourcesBuildPhase;
			buildActionMask = 2147483647;
			files = (
				265351ED2AF1B5530038A0A6 /* AISTS_FinalUITestsLaunchTests.swift in Sources */,
				265351EB2AF1B5530038A0A6 /* AISTS_FinalUITests.swift in Sources */,
			);
			runOnlyForDeploymentPostprocessing = 0;
		};
/* End PBXSourcesBuildPhase section */

/* Begin PBXTargetDependency section */
		265351DE2AF1B5530038A0A6 /* PBXTargetDependency */ = {
			isa = PBXTargetDependency;
			target = 265351CA2AF1B5470038A0A6 /* AISTS_Final */;
			targetProxy = 265351DD2AF1B5530038A0A6 /* PBXContainerItemProxy */;
		};
		265351E82AF1B5530038A0A6 /* PBXTargetDependency */ = {
			isa = PBXTargetDependency;
			target = 265351CA2AF1B5470038A0A6 /* AISTS_Final */;
			targetProxy = 265351E72AF1B5530038A0A6 /* PBXContainerItemProxy */;
		};
/* End PBXTargetDependency section */

/* Begin XCBuildConfiguration section */
		265351EE2AF1B5530038A0A6 /* Debug */ = {
			isa = XCBuildConfiguration;
			buildSettings = {
				ALWAYS_SEARCH_USER_PATHS = NO;
				ASSETCATALOG_COMPILER_GENERATE_SWIFT_ASSET_SYMBOL_EXTENSIONS = YES;
				CLANG_ANALYZER_NONNULL = YES;
				CLANG_ANALYZER_NUMBER_OBJECT_CONVERSION = YES_AGGRESSIVE;
				CLANG_CXX_LANGUAGE_STANDARD = "gnu++20";
				CLANG_ENABLE_MODULES = YES;
				CLANG_ENABLE_OBJC_ARC = YES;
				CLANG_ENABLE_OBJC_WEAK = YES;
				CLANG_WARN_BLOCK_CAPTURE_AUTORELEASING = YES;
				CLANG_WARN_BOOL_CONVERSION = YES;
				CLANG_WARN_COMMA = YES;
				CLANG_WARN_CONSTANT_CONVERSION = YES;
				CLANG_WARN_DEPRECATED_OBJC_IMPLEMENTATIONS = YES;
				CLANG_WARN_DIRECT_OBJC_ISA_USAGE = YES_ERROR;
				CLANG_WARN_DOCUMENTATION_COMMENTS = YES;
				CLANG_WARN_EMPTY_BODY = YES;
				CLANG_WARN_ENUM_CONVERSION = YES;
				CLANG_WARN_INFINITE_RECURSION = YES;
				CLANG_WARN_INT_CONVERSION = YES;
				CLANG_WARN_NON_LITERAL_NULL_CONVERSION = YES;
				CLANG_WARN_OBJC_IMPLICIT_RETAIN_SELF = YES;
				CLANG_WARN_OBJC_LITERAL_CONVERSION = YES;
				CLANG_WARN_OBJC_ROOT_CLASS = YES_ERROR;
				CLANG_WARN_QUOTED_INCLUDE_IN_FRAMEWORK_HEADER = YES;
				CLANG_WARN_RANGE_LOOP_ANALYSIS = YES;
				CLANG_WARN_STRICT_PROTOTYPES = YES;
				CLANG_WARN_SUSPICIOUS_MOVE = YES;
				CLANG_WARN_UNGUARDED_AVAILABILITY = YES_AGGRESSIVE;
				CLANG_WARN_UNREACHABLE_CODE = YES;
				CLANG_WARN__DUPLICATE_METHOD_MATCH = YES;
				COPY_PHASE_STRIP = NO;
				DEAD_CODE_STRIPPING = YES;
				DEBUG_INFORMATION_FORMAT = dwarf;
				ENABLE_STRICT_OBJC_MSGSEND = YES;
				ENABLE_TESTABILITY = YES;
				ENABLE_USER_SCRIPT_SANDBOXING = YES;
				GCC_C_LANGUAGE_STANDARD = gnu17;
				GCC_DYNAMIC_NO_PIC = NO;
				GCC_NO_COMMON_BLOCKS = YES;
				GCC_OPTIMIZATION_LEVEL = 0;
				GCC_PREPROCESSOR_DEFINITIONS = (
					"DEBUG=1",
					"$(inherited)",
				);
				GCC_WARN_64_TO_32_BIT_CONVERSION = YES;
				GCC_WARN_ABOUT_RETURN_TYPE = YES_ERROR;
				GCC_WARN_UNDECLARED_SELECTOR = YES;
				GCC_WARN_UNINITIALIZED_AUTOS = YES_AGGRESSIVE;
				GCC_WARN_UNUSED_FUNCTION = YES;
				GCC_WARN_UNUSED_VARIABLE = YES;
				GENERATE_INFOPLIST_FILE = YES;
				INFOPLIST_PREPROCESS = NO;
				LOCALIZATION_PREFERS_STRING_CATALOGS = YES;
				MTL_ENABLE_DEBUG_INFO = INCLUDE_SOURCE;
				MTL_FAST_MATH = YES;
				ONLY_ACTIVE_ARCH = YES;
				SWIFT_ACTIVE_COMPILATION_CONDITIONS = "DEBUG $(inherited)";
				SWIFT_OPTIMIZATION_LEVEL = "-Onone";
			};
			name = Debug;
		};
		265351EF2AF1B5530038A0A6 /* Release */ = {
			isa = XCBuildConfiguration;
			buildSettings = {
				ALWAYS_SEARCH_USER_PATHS = NO;
				ASSETCATALOG_COMPILER_GENERATE_SWIFT_ASSET_SYMBOL_EXTENSIONS = YES;
				CLANG_ANALYZER_NONNULL = YES;
				CLANG_ANALYZER_NUMBER_OBJECT_CONVERSION = YES_AGGRESSIVE;
				CLANG_CXX_LANGUAGE_STANDARD = "gnu++20";
				CLANG_ENABLE_MODULES = YES;
				CLANG_ENABLE_OBJC_ARC = YES;
				CLANG_ENABLE_OBJC_WEAK = YES;
				CLANG_WARN_BLOCK_CAPTURE_AUTORELEASING = YES;
				CLANG_WARN_BOOL_CONVERSION = YES;
				CLANG_WARN_COMMA = YES;
				CLANG_WARN_CONSTANT_CONVERSION = YES;
				CLANG_WARN_DEPRECATED_OBJC_IMPLEMENTATIONS = YES;
				CLANG_WARN_DIRECT_OBJC_ISA_USAGE = YES_ERROR;
				CLANG_WARN_DOCUMENTATION_COMMENTS = YES;
				CLANG_WARN_EMPTY_BODY = YES;
				CLANG_WARN_ENUM_CONVERSION = YES;
				CLANG_WARN_INFINITE_RECURSION = YES;
				CLANG_WARN_INT_CONVERSION = YES;
				CLANG_WARN_NON_LITERAL_NULL_CONVERSION = YES;
				CLANG_WARN_OBJC_IMPLICIT_RETAIN_SELF = YES;
				CLANG_WARN_OBJC_LITERAL_CONVERSION = YES;
				CLANG_WARN_OBJC_ROOT_CLASS = YES_ERROR;
				CLANG_WARN_QUOTED_INCLUDE_IN_FRAMEWORK_HEADER = YES;
				CLANG_WARN_RANGE_LOOP_ANALYSIS = YES;
				CLANG_WARN_STRICT_PROTOTYPES = YES;
				CLANG_WARN_SUSPICIOUS_MOVE = YES;
				CLANG_WARN_UNGUARDED_AVAILABILITY = YES_AGGRESSIVE;
				CLANG_WARN_UNREACHABLE_CODE = YES;
				CLANG_WARN__DUPLICATE_METHOD_MATCH = YES;
				COPY_PHASE_STRIP = NO;
				DEAD_CODE_STRIPPING = YES;
				DEBUG_INFORMATION_FORMAT = "dwarf-with-dsym";
				ENABLE_NS_ASSERTIONS = NO;
				ENABLE_STRICT_OBJC_MSGSEND = YES;
				ENABLE_USER_SCRIPT_SANDBOXING = YES;
				GCC_C_LANGUAGE_STANDARD = gnu17;
				GCC_NO_COMMON_BLOCKS = YES;
				GCC_WARN_64_TO_32_BIT_CONVERSION = YES;
				GCC_WARN_ABOUT_RETURN_TYPE = YES_ERROR;
				GCC_WARN_UNDECLARED_SELECTOR = YES;
				GCC_WARN_UNINITIALIZED_AUTOS = YES_AGGRESSIVE;
				GCC_WARN_UNUSED_FUNCTION = YES;
				GCC_WARN_UNUSED_VARIABLE = YES;
				GENERATE_INFOPLIST_FILE = YES;
				INFOPLIST_PREPROCESS = NO;
				LOCALIZATION_PREFERS_STRING_CATALOGS = YES;
				MTL_ENABLE_DEBUG_INFO = NO;
				MTL_FAST_MATH = YES;
				SWIFT_COMPILATION_MODE = wholemodule;
			};
			name = Release;
		};
		265351F12AF1B5530038A0A6 /* Debug */ = {
			isa = XCBuildConfiguration;
			baseConfigurationReference = 6E487B5D800730288EBE427A /* Pods-AISTS_Final.debug.xcconfig */;
			buildSettings = {
				ASSETCATALOG_COMPILER_APPICON_NAME = AppIcon;
				ASSETCATALOG_COMPILER_GLOBAL_ACCENT_COLOR_NAME = AccentColor;
				CODE_SIGN_ENTITLEMENTS = AISTS_Final/AISTS_Final.entitlements;
				CODE_SIGN_STYLE = Automatic;
				CURRENT_PROJECT_VERSION = 1;
				DEAD_CODE_STRIPPING = YES;
				DEVELOPMENT_ASSET_PATHS = "\"AISTS_Final/Preview Content\"";
				DEVELOPMENT_TEAM = 3PZ75QP9Q9;
				ENABLE_HARDENED_RUNTIME = YES;
				ENABLE_PREVIEWS = YES;
				ENABLE_USER_SCRIPT_SANDBOXING = NO;
				GENERATE_INFOPLIST_FILE = YES;
				"INFOPLIST_KEY_UIApplicationSceneManifest_Generation[sdk=iphoneos*]" = YES;
				"INFOPLIST_KEY_UIApplicationSceneManifest_Generation[sdk=iphonesimulator*]" = YES;
				"INFOPLIST_KEY_UIApplicationSupportsIndirectInputEvents[sdk=iphoneos*]" = YES;
				"INFOPLIST_KEY_UIApplicationSupportsIndirectInputEvents[sdk=iphonesimulator*]" = YES;
				"INFOPLIST_KEY_UILaunchScreen_Generation[sdk=iphoneos*]" = YES;
				"INFOPLIST_KEY_UILaunchScreen_Generation[sdk=iphonesimulator*]" = YES;
				"INFOPLIST_KEY_UIStatusBarStyle[sdk=iphoneos*]" = UIStatusBarStyleDefault;
				"INFOPLIST_KEY_UIStatusBarStyle[sdk=iphonesimulator*]" = UIStatusBarStyleDefault;
				INFOPLIST_KEY_UISupportedInterfaceOrientations_iPad = "UIInterfaceOrientationPortrait UIInterfaceOrientationPortraitUpsideDown UIInterfaceOrientationLandscapeLeft UIInterfaceOrientationLandscapeRight";
				INFOPLIST_KEY_UISupportedInterfaceOrientations_iPhone = "UIInterfaceOrientationPortrait UIInterfaceOrientationLandscapeLeft UIInterfaceOrientationLandscapeRight";
				IPHONEOS_DEPLOYMENT_TARGET = 17.0;
				LD_RUNPATH_SEARCH_PATHS = "@executable_path/Frameworks";
				"LD_RUNPATH_SEARCH_PATHS[sdk=macosx*]" = "@executable_path/../Frameworks";
				MACOSX_DEPLOYMENT_TARGET = 13.6;
				MARKETING_VERSION = 1.0;
				PRODUCT_BUNDLE_IDENTIFIER = "TAMU.AISTS-Final";
				PRODUCT_NAME = "$(TARGET_NAME)";
				SDKROOT = auto;
				SUPPORTED_PLATFORMS = "iphoneos iphonesimulator macosx";
				SWIFT_EMIT_LOC_STRINGS = YES;
				SWIFT_VERSION = 5.0;
				TARGETED_DEVICE_FAMILY = "1,2";
			};
			name = Debug;
		};
		265351F22AF1B5530038A0A6 /* Release */ = {
			isa = XCBuildConfiguration;
			baseConfigurationReference = 7BE64D85B1BD7022016DAE42 /* Pods-AISTS_Final.release.xcconfig */;
			buildSettings = {
				ASSETCATALOG_COMPILER_APPICON_NAME = AppIcon;
				ASSETCATALOG_COMPILER_GLOBAL_ACCENT_COLOR_NAME = AccentColor;
				CODE_SIGN_ENTITLEMENTS = AISTS_Final/AISTS_Final.entitlements;
				CODE_SIGN_STYLE = Automatic;
				CURRENT_PROJECT_VERSION = 1;
				DEAD_CODE_STRIPPING = YES;
				DEVELOPMENT_ASSET_PATHS = "\"AISTS_Final/Preview Content\"";
				DEVELOPMENT_TEAM = 3PZ75QP9Q9;
				ENABLE_HARDENED_RUNTIME = YES;
				ENABLE_PREVIEWS = YES;
				ENABLE_USER_SCRIPT_SANDBOXING = NO;
				GENERATE_INFOPLIST_FILE = YES;
				"INFOPLIST_KEY_UIApplicationSceneManifest_Generation[sdk=iphoneos*]" = YES;
				"INFOPLIST_KEY_UIApplicationSceneManifest_Generation[sdk=iphonesimulator*]" = YES;
				"INFOPLIST_KEY_UIApplicationSupportsIndirectInputEvents[sdk=iphoneos*]" = YES;
				"INFOPLIST_KEY_UIApplicationSupportsIndirectInputEvents[sdk=iphonesimulator*]" = YES;
				"INFOPLIST_KEY_UILaunchScreen_Generation[sdk=iphoneos*]" = YES;
				"INFOPLIST_KEY_UILaunchScreen_Generation[sdk=iphonesimulator*]" = YES;
				"INFOPLIST_KEY_UIStatusBarStyle[sdk=iphoneos*]" = UIStatusBarStyleDefault;
				"INFOPLIST_KEY_UIStatusBarStyle[sdk=iphonesimulator*]" = UIStatusBarStyleDefault;
				INFOPLIST_KEY_UISupportedInterfaceOrientations_iPad = "UIInterfaceOrientationPortrait UIInterfaceOrientationPortraitUpsideDown UIInterfaceOrientationLandscapeLeft UIInterfaceOrientationLandscapeRight";
				INFOPLIST_KEY_UISupportedInterfaceOrientations_iPhone = "UIInterfaceOrientationPortrait UIInterfaceOrientationLandscapeLeft UIInterfaceOrientationLandscapeRight";
				IPHONEOS_DEPLOYMENT_TARGET = 17.0;
				LD_RUNPATH_SEARCH_PATHS = "@executable_path/Frameworks";
				"LD_RUNPATH_SEARCH_PATHS[sdk=macosx*]" = "@executable_path/../Frameworks";
				MACOSX_DEPLOYMENT_TARGET = 13.6;
				MARKETING_VERSION = 1.0;
				PRODUCT_BUNDLE_IDENTIFIER = "TAMU.AISTS-Final";
				PRODUCT_NAME = "$(TARGET_NAME)";
				SDKROOT = auto;
				SUPPORTED_PLATFORMS = "iphoneos iphonesimulator macosx";
				SWIFT_EMIT_LOC_STRINGS = YES;
				SWIFT_VERSION = 5.0;
				TARGETED_DEVICE_FAMILY = "1,2";
			};
			name = Release;
		};
		265351F42AF1B5530038A0A6 /* Debug */ = {
			isa = XCBuildConfiguration;
			baseConfigurationReference = 4EB15DED49C58EBF5B05DCA1 /* Pods-AISTS_FinalTests.debug.xcconfig */;
			buildSettings = {
				ALWAYS_EMBED_SWIFT_STANDARD_LIBRARIES = YES;
				BUNDLE_LOADER = "$(TEST_HOST)";
				CODE_SIGN_STYLE = Automatic;
				CURRENT_PROJECT_VERSION = 1;
				DEAD_CODE_STRIPPING = YES;
				DEVELOPMENT_TEAM = 3PZ75QP9Q9;
				GENERATE_INFOPLIST_FILE = YES;
				IPHONEOS_DEPLOYMENT_TARGET = 17.0;
				MACOSX_DEPLOYMENT_TARGET = 13.6;
				MARKETING_VERSION = 1.0;
				PRODUCT_BUNDLE_IDENTIFIER = "TAMU.AISTS-FinalTests";
				PRODUCT_NAME = "$(TARGET_NAME)";
				SDKROOT = auto;
				SUPPORTED_PLATFORMS = "iphoneos iphonesimulator macosx";
				SWIFT_EMIT_LOC_STRINGS = NO;
				SWIFT_VERSION = 5.0;
				TARGETED_DEVICE_FAMILY = "1,2";
				TEST_HOST = "$(BUILT_PRODUCTS_DIR)/AISTS_Final.app/$(BUNDLE_EXECUTABLE_FOLDER_PATH)/AISTS_Final";
			};
			name = Debug;
		};
		265351F52AF1B5530038A0A6 /* Release */ = {
			isa = XCBuildConfiguration;
			baseConfigurationReference = A7D0628C9D80BFB30C0540E7 /* Pods-AISTS_FinalTests.release.xcconfig */;
			buildSettings = {
				ALWAYS_EMBED_SWIFT_STANDARD_LIBRARIES = YES;
				BUNDLE_LOADER = "$(TEST_HOST)";
				CODE_SIGN_STYLE = Automatic;
				CURRENT_PROJECT_VERSION = 1;
				DEAD_CODE_STRIPPING = YES;
				DEVELOPMENT_TEAM = 3PZ75QP9Q9;
				GENERATE_INFOPLIST_FILE = YES;
				IPHONEOS_DEPLOYMENT_TARGET = 17.0;
				MACOSX_DEPLOYMENT_TARGET = 13.6;
				MARKETING_VERSION = 1.0;
				PRODUCT_BUNDLE_IDENTIFIER = "TAMU.AISTS-FinalTests";
				PRODUCT_NAME = "$(TARGET_NAME)";
				SDKROOT = auto;
				SUPPORTED_PLATFORMS = "iphoneos iphonesimulator macosx";
				SWIFT_EMIT_LOC_STRINGS = NO;
				SWIFT_VERSION = 5.0;
				TARGETED_DEVICE_FAMILY = "1,2";
				TEST_HOST = "$(BUILT_PRODUCTS_DIR)/AISTS_Final.app/$(BUNDLE_EXECUTABLE_FOLDER_PATH)/AISTS_Final";
			};
			name = Release;
		};
		265351F72AF1B5530038A0A6 /* Debug */ = {
			isa = XCBuildConfiguration;
			baseConfigurationReference = C465DA0DA78A2C7BE5F81132 /* Pods-AISTS_Final-AISTS_FinalUITests.debug.xcconfig */;
			buildSettings = {
				ALWAYS_EMBED_SWIFT_STANDARD_LIBRARIES = YES;
				CODE_SIGN_STYLE = Automatic;
				CURRENT_PROJECT_VERSION = 1;
				DEAD_CODE_STRIPPING = YES;
				DEVELOPMENT_TEAM = 3PZ75QP9Q9;
				GENERATE_INFOPLIST_FILE = YES;
				IPHONEOS_DEPLOYMENT_TARGET = 17.0;
				MACOSX_DEPLOYMENT_TARGET = 13.6;
				MARKETING_VERSION = 1.0;
				PRODUCT_BUNDLE_IDENTIFIER = "TAMU.AISTS-FinalUITests";
				PRODUCT_NAME = "$(TARGET_NAME)";
				SDKROOT = auto;
				SUPPORTED_PLATFORMS = "iphoneos iphonesimulator macosx";
				SWIFT_EMIT_LOC_STRINGS = NO;
				SWIFT_VERSION = 5.0;
				TARGETED_DEVICE_FAMILY = "1,2";
				TEST_TARGET_NAME = AISTS_Final;
			};
			name = Debug;
		};
		265351F82AF1B5530038A0A6 /* Release */ = {
			isa = XCBuildConfiguration;
			baseConfigurationReference = 27EAF1CE0F7EA6B6EC560F69 /* Pods-AISTS_Final-AISTS_FinalUITests.release.xcconfig */;
			buildSettings = {
				ALWAYS_EMBED_SWIFT_STANDARD_LIBRARIES = YES;
				CODE_SIGN_STYLE = Automatic;
				CURRENT_PROJECT_VERSION = 1;
				DEAD_CODE_STRIPPING = YES;
				DEVELOPMENT_TEAM = 3PZ75QP9Q9;
				GENERATE_INFOPLIST_FILE = YES;
				IPHONEOS_DEPLOYMENT_TARGET = 17.0;
				MACOSX_DEPLOYMENT_TARGET = 13.6;
				MARKETING_VERSION = 1.0;
				PRODUCT_BUNDLE_IDENTIFIER = "TAMU.AISTS-FinalUITests";
				PRODUCT_NAME = "$(TARGET_NAME)";
				SDKROOT = auto;
				SUPPORTED_PLATFORMS = "iphoneos iphonesimulator macosx";
				SWIFT_EMIT_LOC_STRINGS = NO;
				SWIFT_VERSION = 5.0;
				TARGETED_DEVICE_FAMILY = "1,2";
				TEST_TARGET_NAME = AISTS_Final;
			};
			name = Release;
		};
/* End XCBuildConfiguration section */

/* Begin XCConfigurationList section */
		265351C62AF1B5470038A0A6 /* Build configuration list for PBXProject "AISTS_Final" */ = {
			isa = XCConfigurationList;
			buildConfigurations = (
				265351EE2AF1B5530038A0A6 /* Debug */,
				265351EF2AF1B5530038A0A6 /* Release */,
			);
			defaultConfigurationIsVisible = 0;
			defaultConfigurationName = Release;
		};
		265351F02AF1B5530038A0A6 /* Build configuration list for PBXNativeTarget "AISTS_Final" */ = {
			isa = XCConfigurationList;
			buildConfigurations = (
				265351F12AF1B5530038A0A6 /* Debug */,
				265351F22AF1B5530038A0A6 /* Release */,
			);
			defaultConfigurationIsVisible = 0;
			defaultConfigurationName = Release;
		};
		265351F32AF1B5530038A0A6 /* Build configuration list for PBXNativeTarget "AISTS_FinalTests" */ = {
			isa = XCConfigurationList;
			buildConfigurations = (
				265351F42AF1B5530038A0A6 /* Debug */,
				265351F52AF1B5530038A0A6 /* Release */,
			);
			defaultConfigurationIsVisible = 0;
			defaultConfigurationName = Release;
		};
		265351F62AF1B5530038A0A6 /* Build configuration list for PBXNativeTarget "AISTS_FinalUITests" */ = {
			isa = XCConfigurationList;
			buildConfigurations = (
				265351F72AF1B5530038A0A6 /* Debug */,
				265351F82AF1B5530038A0A6 /* Release */,
			);
			defaultConfigurationIsVisible = 0;
			defaultConfigurationName = Release;
		};
/* End XCConfigurationList section */
	};
	rootObject = 265351C32AF1B5470038A0A6 /* Project object */;
}
